
Microsoft Visual Studio Solution File, Format Version 12.00
# Visual Studio Version 16
VisualStudioVersion = 16.0.31613.86
MinimumVisualStudioVersion = 10.0.40219.1
Project("{FAE04EC0-301F-11D3-BF4B-00C04F79EFBC}") = "TestAPIviaConsole", "TestAPIviaConsole\TestAPIviaConsole.csproj", "{F7993925-AEAF-4EFD-8BD3-3D24415821C4}"
EndProject
Global
	GlobalSection(SolutionConfigurationPlatforms) = preSolution
		Debug|Any CPU = Debug|Any CPU
		Release|Any CPU = Release|Any CPU
	EndGlobalSection
	GlobalSection(ProjectConfigurationPlatforms) = postSolution
		{F7993925-AEAF-4EFD-8BD3-3D24415821C4}.Debug|Any CPU.ActiveCfg = Debug|Any CPU
		{F7993925-AEAF-4EFD-8BD3-3D24415821C4}.Debug|Any CPU.Build.0 = Debug|Any CPU
		{F7993925-AEAF-4EFD-8BD3-3D24415821C4}.Release|Any CPU.ActiveCfg = Release|Any CPU
		{F7993925-AEAF-4EFD-8BD3-3D24415821C4}.Release|Any CPU.Build.0 = Release|Any CPU
	EndGlobalSection
	GlobalSection(SolutionProperties) = preSolution
		HideSolutionNode = FALSE
	EndGlobalSection
	GlobalSection(ExtensibilityGlobals) = postSolution
		SolutionGuid = {88EB9971-8A40-41AE-A13D-3DC39437F3D9}
	EndGlobalSection
EndGlobal
